
Microsoft Visual Studio Solution File, Format Version 12.00
# Visual Studio Version 17
VisualStudioVersion = 17.11.35219.272
MinimumVisualStudioVersion = 10.0.40219.1
Project("{FAE04EC0-301F-11D3-BF4B-00C04F79EFBC}") = "StudentSystem", "StudentSystem\StudentSystem.csproj", "{FF27A49A-EA4A-43E6-A032-57C5083EAEAF}"
EndProject
Global
	GlobalSection(SolutionConfigurationPlatforms) = preSolution
		Debug|Any CPU = Debug|Any CPU
		Release|Any CPU = Release|Any CPU
	EndGlobalSection
	GlobalSection(ProjectConfigurationPlatforms) = postSolution
		{FF27A49A-EA4A-43E6-A032-57C5083EAEAF}.Debug|Any CPU.ActiveCfg = Debug|Any CPU
		{FF27A49A-EA4A-43E6-A032-57C5083EAEAF}.Debug|Any CPU.Build.0 = Debug|Any CPU
		{FF27A49A-EA4A-43E6-A032-57C5083EAEAF}.Release|Any CPU.ActiveCfg = Release|Any CPU
		{FF27A49A-EA4A-43E6-A032-57C5083EAEAF}.Release|Any CPU.Build.0 = Release|Any CPU
	EndGlobalSection
	GlobalSection(SolutionProperties) = preSolution
		HideSolutionNode = FALSE
	EndGlobalSection
	GlobalSection(ExtensibilityGlobals) = postSolution
		SolutionGuid = {780F9C33-DA70-4C7A-B4F5-086038A989A5}
	EndGlobalSection
EndGlobal
